<?xml version="1.0" encoding="UTF-8"?>
<CONFIG>
  <ProjectOptions>
    <Version Value="11"/>
    <PathDelim Value="\"/>
    <General>
      <Flags>
        <MainUnitHasCreateFormStatements Value="False"/>
        <MainUnitHasTitleStatement Value="False"/>
        <MainUnitHasScaledStatement Value="False"/>
      </Flags>
      <SessionStorage Value="InProjectDir"/>
      <MainUnit Value="0"/>
      <Title Value="MonsterHunter_NewWorld"/>
      <UseAppBundle Value="False"/>
      <ResourceType Value="res"/>
    </General>
    <BuildModes Count="1">
      <Item1 Name="Default" Default="True"/>
    </BuildModes>
    <PublishOptions>
      <Version Value="2"/>
      <UseFileFilters Value="True"/>
    </PublishOptions>
    <RunParams>
      <FormatVersion Value="2"/>
      <Modes Count="0"/>
    </RunParams>
    <Units Count="5">
      <Unit0>
        <Filename Value="MonsterHunter_NewWorld.pas"/>
        <IsPartOfProject Value="True"/>
      </Unit0>
      <Unit1>
        <Filename Value="menu.pas"/>
        <IsPartOfProject Value="True"/>
        <UnitName Value="gestionTexte"/>
      </Unit1>
      <Unit2>
        <Filename Value="gestiontexte.pas"/>
        <IsPartOfProject Value="True"/>
        <UnitName Value="gestionTexte"/>
      </Unit2>
      <Unit3>
        <Filename Value="personnage.pas"/>
        <IsPartOfProject Value="True"/>
        <UnitName Value="Personnage"/>
      </Unit3>
      <Unit4>
        <Filename Value="gestionfichier.pas"/>
        <IsPartOfProject Value="True"/>
        <UnitName Value="gestionFichier"/>
      </Unit4>
    </Units>
  </ProjectOptions>
  <CompilerOptions>
    <Version Value="11"/>
    <PathDelim Value="\"/>
    <Target>
      <Filename Value="MonsterHunter_NewWorld"/>
    </Target>
    <SearchPaths>
      <IncludeFiles Value="$(ProjOutDir)"/>
      <UnitOutputDirectory Value="lib\$(TargetCPU)-$(TargetOS)"/>
    </SearchPaths>
  </CompilerOptions>
  <Debugging>
    <Exceptions Count="4">
      <Item1>
        <Name Value="EAbort"/>
      </Item1>
      <Item2>
        <Name Value="ECodetoolError"/>
      </Item2>
      <Item3>
        <Name Value="EFOpenError"/>
      </Item3>
      <Item4>
        <Name Value="RunError(104)"/>
      </Item4>
    </Exceptions>
  </Debugging>
</CONFIG>
